// !$*UTF8*$!
{
	archiveVersion = 1;
	classes = {
	};
	objectVersion = 46;
	objects = {

/* Begin PBXBuildFile section */
		4F7B49971AFFC04900F54454 /* AppDelegate.swift in Sources */ = {isa = PBXBuildFile; fileRef = 4F7B49961AFFC04900F54454 /* AppDelegate.swift */; };
		4F7B49991AFFC04900F54454 /* ViewController.swift in Sources */ = {isa = PBXBuildFile; fileRef = 4F7B49981AFFC04900F54454 /* ViewController.swift */; };
		4F7B499C1AFFC04900F54454 /* Main.storyboard in Resources */ = {isa = PBXBuildFile; fileRef = 4F7B499A1AFFC04900F54454 /* Main.storyboard */; };
		4F7B499E1AFFC04900F54454 /* Images.xcassets in Resources */ = {isa = PBXBuildFile; fileRef = 4F7B499D1AFFC04900F54454 /* Images.xcassets */; };
		4F7B49A11AFFC04900F54454 /* LaunchScreen.xib in Resources */ = {isa = PBXBuildFile; fileRef = 4F7B499F1AFFC04900F54454 /* LaunchScreen.xib */; };
		4F7B49B71AFFC07200F54454 /* SwipeImagePickerView.swift in Sources */ = {isa = PBXBuildFile; fileRef = 4F7B49B61AFFC07200F54454 /* SwipeImagePickerView.swift */; };
		4F7B49BF1AFFC08900F54454 /* GradientLeft.png in Resources */ = {isa = PBXBuildFile; fileRef = 4F7B49BA1AFFC08900F54454 /* GradientLeft.png */; };
		4F7B49C01AFFC08900F54454 /* GradientRight.png in Resources */ = {isa = PBXBuildFile; fileRef = 4F7B49BB1AFFC08900F54454 /* GradientRight.png */; };
		4F7B49C81AFFF04200F54454 /* rabbits.jpg in Resources */ = {isa = PBXBuildFile; fileRef = 4F7B49C61AFFF04200F54454 /* rabbits.jpg */; };
		4F7B49C91AFFF04200F54454 /* cat.jpg in Resources */ = {isa = PBXBuildFile; fileRef = 4F7B49C71AFFF04200F54454 /* cat.jpg */; };
		4F7B49CB1AFFF0CD00F54454 /* piggy.jpg in Resources */ = {isa = PBXBuildFile; fileRef = 4F7B49CA1AFFF0CD00F54454 /* piggy.jpg */; };
/* End PBXBuildFile section */

/* Begin PBXFileReference section */
		4F7B49911AFFC04900F54454 /* SwipeImagePicker.app */ = {isa = PBXFileReference; explicitFileType = wrapper.application; includeInIndex = 0; path = SwipeImagePicker.app; sourceTree = BUILT_PRODUCTS_DIR; };
		4F7B49951AFFC04900F54454 /* Info.plist */ = {isa = PBXFileReference; lastKnownFileType = text.plist.xml; path = Info.plist; sourceTree = "<group>"; };
		4F7B49961AFFC04900F54454 /* AppDelegate.swift */ = {isa = PBXFileReference; lastKnownFileType = sourcecode.swift; path = AppDelegate.swift; sourceTree = "<group>"; };
		4F7B49981AFFC04900F54454 /* ViewController.swift */ = {isa = PBXFileReference; lastKnownFileType = sourcecode.swift; path = ViewController.swift; sourceTree = "<group>"; };
		4F7B499B1AFFC04900F54454 /* Base */ = {isa = PBXFileReference; lastKnownFileType = file.storyboard; name = Base; path = Base.lproj/Main.storyboard; sourceTree = "<group>"; };
		4F7B499D1AFFC04900F54454 /* Images.xcassets */ = {isa = PBXFileReference; lastKnownFileType = folder.assetcatalog; path = Images.xcassets; sourceTree = "<group>"; };
		4F7B49A01AFFC04900F54454 /* Base */ = {isa = PBXFileReference; lastKnownFileType = file.xib; name = Base; path = Base.lproj/LaunchScreen.xib; sourceTree = "<group>"; };
		4F7B49B61AFFC07200F54454 /* SwipeImagePickerView.swift */ = {isa = PBXFileReference; fileEncoding = 4; lastKnownFileType = sourcecode.swift; path = SwipeImagePickerView.swift; sourceTree = "<group>"; };
		4F7B49BA1AFFC08900F54454 /* GradientLeft.png */ = {isa = PBXFileReference; lastKnownFileType = image.png; path = GradientLeft.png; sourceTree = "<group>"; };
		4F7B49BB1AFFC08900F54454 /* GradientRight.png */ = {isa = PBXFileReference; lastKnownFileType = image.png; path = GradientRight.png; sourceTree = "<group>"; };
		4F7B49C61AFFF04200F54454 /* rabbits.jpg */ = {isa = PBXFileReference; lastKnownFileType = image.jpeg; path = rabbits.jpg; sourceTree = "<group>"; };
		4F7B49C71AFFF04200F54454 /* cat.jpg */ = {isa = PBXFileReference; lastKnownFileType = image.jpeg; path = cat.jpg; sourceTree = "<group>"; };
		4F7B49CA1AFFF0CD00F54454 /* piggy.jpg */ = {isa = PBXFileReference; lastKnownFileType = image.jpeg; path = piggy.jpg; sourceTree = "<group>"; };
/* End PBXFileReference section */

/* Begin PBXFrameworksBuildPhase section */
		4F7B498E1AFFC04900F54454 /* Frameworks */ = {
			isa = PBXFrameworksBuildPhase;
			buildActionMask = 2147483647;
			files = (
			);
			runOnlyForDeploymentPostprocessing = 0;
		};
/* End PBXFrameworksBuildPhase section */

/* Begin PBXGroup section */
		4F7B49881AFFC04900F54454 = {
			isa = PBXGroup;
			children = (
				4F7B49931AFFC04900F54454 /* SwipeImagePicker */,
				4F7B49921AFFC04900F54454 /* Products */,
			);
			sourceTree = "<group>";
		};
		4F7B49921AFFC04900F54454 /* Products */ = {
			isa = PBXGroup;
			children = (
				4F7B49911AFFC04900F54454 /* SwipeImagePicker.app */,
			);
			name = Products;
			sourceTree = "<group>";
		};
		4F7B49931AFFC04900F54454 /* SwipeImagePicker */ = {
			isa = PBXGroup;
			children = (
				4F7B49961AFFC04900F54454 /* AppDelegate.swift */,
				4F7B49981AFFC04900F54454 /* ViewController.swift */,
				4F7B49B61AFFC07200F54454 /* SwipeImagePickerView.swift */,
				4F7B499A1AFFC04900F54454 /* Main.storyboard */,
				4F7B499D1AFFC04900F54454 /* Images.xcassets */,
				4F7B499F1AFFC04900F54454 /* LaunchScreen.xib */,
				4F7B49941AFFC04900F54454 /* Supporting Files */,
			);
			path = SwipeImagePicker;
			sourceTree = "<group>";
		};
		4F7B49941AFFC04900F54454 /* Supporting Files */ = {
			isa = PBXGroup;
			children = (
				4F7B49C61AFFF04200F54454 /* rabbits.jpg */,
				4F7B49C71AFFF04200F54454 /* cat.jpg */,
				4F7B49CA1AFFF0CD00F54454 /* piggy.jpg */,
				4F7B49BA1AFFC08900F54454 /* GradientLeft.png */,
				4F7B49BB1AFFC08900F54454 /* GradientRight.png */,
				4F7B49951AFFC04900F54454 /* Info.plist */,
			);
			name = "Supporting Files";
			sourceTree = "<group>";
		};
/* End PBXGroup section */

/* Begin PBXNativeTarget section */
		4F7B49901AFFC04900F54454 /* SwipeImagePicker */ = {
			isa = PBXNativeTarget;
			buildConfigurationList = 4F7B49B01AFFC04900F54454 /* Build configuration list for PBXNativeTarget "SwipeImagePicker" */;
			buildPhases = (
				4F7B498D1AFFC04900F54454 /* Sources */,
				4F7B498E1AFFC04900F54454 /* Frameworks */,
				4F7B498F1AFFC04900F54454 /* Resources */,
			);
			buildRules = (
			);
			dependencies = (
			);
			name = SwipeImagePicker;
			productName = SwipeImagePicker;
			productReference = 4F7B49911AFFC04900F54454 /* SwipeImagePicker.app */;
			productType = "com.apple.product-type.application";
		};
/* End PBXNativeTarget section */

/* Begin PBXProject section */
		4F7B49891AFFC04900F54454 /* Project object */ = {
			isa = PBXProject;
			attributes = {
				LastUpgradeCheck = 0630;
				ORGANIZATIONNAME = "Oliver Eichhorn";
				TargetAttributes = {
					4F7B49901AFFC04900F54454 = {
						CreatedOnToolsVersion = 6.3.1;
					};
				};
			};
			buildConfigurationList = 4F7B498C1AFFC04900F54454 /* Build configuration list for PBXProject "SwipeImagePicker" */;
			compatibilityVersion = "Xcode 3.2";
			developmentRegion = English;
			hasScannedForEncodings = 0;
			knownRegions = (
				en,
				Base,
			);
			mainGroup = 4F7B49881AFFC04900F54454;
			productRefGroup = 4F7B49921AFFC04900F54454 /* Products */;
			projectDirPath = "";
			projectRoot = "";
			targets = (
				4F7B49901AFFC04900F54454 /* SwipeImagePicker */,
			);
		};
/* End PBXProject section */

/* Begin PBXResourcesBuildPhase section */
		4F7B498F1AFFC04900F54454 /* Resources */ = {
			isa = PBXResourcesBuildPhase;
			buildActionMask = 2147483647;
			files = (
				4F7B49CB1AFFF0CD00F54454 /* piggy.jpg in Resources */,
				4F7B49BF1AFFC08900F54454 /* GradientLeft.png in Resources */,
				4F7B499C1AFFC04900F54454 /* Main.storyboard in Resources */,
				4F7B49A11AFFC04900F54454 /* LaunchScreen.xib in Resources */,
				4F7B49C81AFFF04200F54454 /* rabbits.jpg in Resources */,
				4F7B49C01AFFC08900F54454 /* GradientRight.png in Resources */,
				4F7B49C91AFFF04200F54454 /* cat.jpg in Resources */,
				4F7B499E1AFFC04900F54454 /* Images.xcassets in Resources */,
			);
			runOnlyForDeploymentPostprocessing = 0;
		};
/* End PBXResourcesBuildPhase section */

/* Begin PBXSourcesBuildPhase section */
		4F7B498D1AFFC04900F54454 /* Sources */ = {
			isa = PBXSourcesBuildPhase;
			buildActionMask = 2147483647;
			files = (
				4F7B49991AFFC04900F54454 /* ViewController.swift in Sources */,
				4F7B49971AFFC04900F54454 /* AppDelegate.swift in Sources */,
				4F7B49B71AFFC07200F54454 /* SwipeImagePickerView.swift in Sources */,
			);
			runOnlyForDeploymentPostprocessing = 0;
		};
/* End PBXSourcesBuildPhase section */

/* Begin PBXVariantGroup section */
		4F7B499A1AFFC04900F54454 /* Main.storyboard */ = {
			isa = PBXVariantGroup;
			children = (
				4F7B499B1AFFC04900F54454 /* Base */,
			);
			name = Main.storyboard;
			sourceTree = "<group>";
		};
		4F7B499F1AFFC04900F54454 /* LaunchScreen.xib */ = {
			isa = PBXVariantGroup;
			children = (
				4F7B49A01AFFC04900F54454 /* Base */,
			);
			name = LaunchScreen.xib;
			sourceTree = "<group>";
		};
/* End PBXVariantGroup section */

/* Begin XCBuildConfiguration section */
		4F7B49AE1AFFC04900F54454 /* Debug */ = {
			isa = XCBuildConfiguration;
			buildSettings = {
				ALWAYS_SEARCH_USER_PATHS = NO;
				CLANG_CXX_LANGUAGE_STANDARD = "gnu++0x";
				CLANG_CXX_LIBRARY = "libc++";
				CLANG_ENABLE_MODULES = YES;
				CLANG_ENABLE_OBJC_ARC = YES;
				CLANG_WARN_BOOL_CONVERSION = YES;
				CLANG_WARN_CONSTANT_CONVERSION = YES;
				CLANG_WARN_DIRECT_OBJC_ISA_USAGE = YES_ERROR;
				CLANG_WARN_EMPTY_BODY = YES;
				CLANG_WARN_ENUM_CONVERSION = YES;
				CLANG_WARN_INT_CONVERSION = YES;
				CLANG_WARN_OBJC_ROOT_CLASS = YES_ERROR;
				CLANG_WARN_UNREACHABLE_CODE = YES;
				CLANG_WARN__DUPLICATE_METHOD_MATCH = YES;
				"CODE_SIGN_IDENTITY[sdk=iphoneos*]" = "iPhone Developer";
				COPY_PHASE_STRIP = NO;
				DEBUG_INFORMATION_FORMAT = "dwarf-with-dsym";
				ENABLE_STRICT_OBJC_MSGSEND = YES;
				GCC_C_LANGUAGE_STANDARD = gnu99;
				GCC_DYNAMIC_NO_PIC = NO;
				GCC_NO_COMMON_BLOCKS = YES;
				GCC_OPTIMIZATION_LEVEL = 0;
				GCC_PREPROCESSOR_DEFINITIONS = (
					"DEBUG=1",
					"$(inherited)",
				);
				GCC_SYMBOLS_PRIVATE_EXTERN = NO;
				GCC_WARN_64_TO_32_BIT_CONVERSION = YES;
				GCC_WARN_ABOUT_RETURN_TYPE = YES_ERROR;
				GCC_WARN_UNDECLARED_SELECTOR = YES;
				GCC_WARN_UNINITIALIZED_AUTOS = YES_AGGRESSIVE;
				GCC_WARN_UNUSED_FUNCTION = YES;
				GCC_WARN_UNUSED_VARIABLE = YES;
				IPHONEOS_DEPLOYMENT_TARGET = 8.3;
				MTL_ENABLE_DEBUG_INFO = YES;
				ONLY_ACTIVE_ARCH = YES;
				SDKROOT = iphoneos;
				SWIFT_OPTIMIZATION_LEVEL = "-Onone";
			};
			name = Debug;
		};
		4F7B49AF1AFFC04900F54454 /* Release */ = {
			isa = XCBuildConfiguration;
			buildSettings = {
				ALWAYS_SEARCH_USER_PATHS = NO;
				CLANG_CXX_LANGUAGE_STANDARD = "gnu++0x";
				CLANG_CXX_LIBRARY = "libc++";
				CLANG_ENABLE_MODULES = YES;
				CLANG_ENABLE_OBJC_ARC = YES;
				CLANG_WARN_BOOL_CONVERSION = YES;
				CLANG_WARN_CONSTANT_CONVERSION = YES;
				CLANG_WARN_DIRECT_OBJC_ISA_USAGE = YES_ERROR;
				CLANG_WARN_EMPTY_BODY = YES;
				CLANG_WARN_ENUM_CONVERSION = YES;
				CLANG_WARN_INT_CONVERSION = YES;
				CLANG_WARN_OBJC_ROOT_CLASS = YES_ERROR;
				CLANG_WARN_UNREACHABLE_CODE = YES;
				CLANG_WARN__DUPLICATE_METHOD_MATCH = YES;
				"CODE_SIGN_IDENTITY[sdk=iphoneos*]" = "iPhone Developer";
				COPY_PHASE_STRIP = NO;
				DEBUG_INFORMATION_FORMAT = "dwarf-with-dsym";
				ENABLE_NS_ASSERTIONS = NO;
				ENABLE_STRICT_OBJC_MSGSEND = YES;
				GCC_C_LANGUAGE_STANDARD = gnu99;
				GCC_NO_COMMON_BLOCKS = YES;
				GCC_WARN_64_TO_32_BIT_CONVERSION = YES;
				GCC_WARN_ABOUT_RETURN_TYPE = YES_ERROR;
				GCC_WARN_UNDECLARED_SELECTOR = YES;
				GCC_WARN_UNINITIALIZED_AUTOS = YES_AGGRESSIVE;
				GCC_WARN_UNUSED_FUNCTION = YES;
				GCC_WARN_UNUSED_VARIABLE = YES;
				IPHONEOS_DEPLOYMENT_TARGET = 8.3;
				MTL_ENABLE_DEBUG_INFO = NO;
				SDKROOT = iphoneos;
				VALIDATE_PRODUCT = YES;
			};
			name = Release;
		};
		4F7B49B11AFFC04900F54454 /* Debug */ = {
			isa = XCBuildConfiguration;
			buildSettings = {
				ASSETCATALOG_COMPILER_APPICON_NAME = AppIcon;
				INFOPLIST_FILE = SwipeImagePicker/Info.plist;
				LD_RUNPATH_SEARCH_PATHS = "$(inherited) @executable_path/Frameworks";
				PRODUCT_NAME = "$(TARGET_NAME)";
			};
			name = Debug;
		};
		4F7B49B21AFFC04900F54454 /* Release */ = {
			isa = XCBuildConfiguration;
			buildSettings = {
				ASSETCATALOG_COMPILER_APPICON_NAME = AppIcon;
				INFOPLIST_FILE = SwipeImagePicker/Info.plist;
				LD_RUNPATH_SEARCH_PATHS = "$(inherited) @executable_path/Frameworks";
				PRODUCT_NAME = "$(TARGET_NAME)";
			};
			name = Release;
		};
/* End XCBuildConfiguration section */

/* Begin XCConfigurationList section */
		4F7B498C1AFFC04900F54454 /* Build configuration list for PBXProject "SwipeImagePicker" */ = {
			isa = XCConfigurationList;
			buildConfigurations = (
				4F7B49AE1AFFC04900F54454 /* Debug */,
				4F7B49AF1AFFC04900F54454 /* Release */,
			);
			defaultConfigurationIsVisible = 0;
			defaultConfigurationName = Release;
		};
		4F7B49B01AFFC04900F54454 /* Build configuration list for PBXNativeTarget "SwipeImagePicker" */ = {
			isa = XCConfigurationList;
			buildConfigurations = (
				4F7B49B11AFFC04900F54454 /* Debug */,
				4F7B49B21AFFC04900F54454 /* Release */,
			);
			defaultConfigurationIsVisible = 0;
		};
/* End XCConfigurationList section */
	};
	rootObject = 4F7B49891AFFC04900F54454 /* Project object */;
}
